
Microsoft Visual Studio Solution File, Format Version 12.00
# Visual Studio 15
VisualStudioVersion = 15.0.27703.2035
MinimumVisualStudioVersion = 10.0.40219.1
Project("{FAE04EC0-301F-11D3-BF4B-00C04F79EFBC}") = "PubnubApp.Android", "PubnubApp\PubnubApp.Android\PubnubApp.Android.csproj", "{F9E6218D-FFB0-43A0-ACAB-130DD2949805}"
EndProject
Project("{FAE04EC0-301F-11D3-BF4B-00C04F79EFBC}") = "PubnubApp.iOS", "PubnubApp\PubnubApp.iOS\PubnubApp.iOS.csproj", "{4E6B624B-EB7F-46B3-A555-8323D8DB58DD}"
EndProject
Project("{FAE04EC0-301F-11D3-BF4B-00C04F79EFBC}") = "PubnubApp", "PubnubApp\PubnubApp\PubnubApp.csproj", "{11C8C484-AB96-4EF7-93B4-75B3542C4E18}"
EndProject
Global
	GlobalSection(SolutionConfigurationPlatforms) = preSolution
		Ad-Hoc|Any CPU = Ad-Hoc|Any CPU
		Ad-Hoc|iPhone = Ad-Hoc|iPhone
		Ad-Hoc|iPhoneSimulator = Ad-Hoc|iPhoneSimulator
		AppStore|Any CPU = AppStore|Any CPU
		AppStore|iPhone = AppStore|iPhone
		AppStore|iPhoneSimulator = AppStore|iPhoneSimulator
		Debug|Any CPU = Debug|Any CPU
		Debug|iPhone = Debug|iPhone
		Debug|iPhoneSimulator = Debug|iPhoneSimulator
		Release|Any CPU = Release|Any CPU
		Release|iPhone = Release|iPhone
		Release|iPhoneSimulator = Release|iPhoneSimulator
	EndGlobalSection
	GlobalSection(ProjectConfigurationPlatforms) = postSolution
		{F9E6218D-FFB0-43A0-ACAB-130DD2949805}.Ad-Hoc|Any CPU.ActiveCfg = Release|Any CPU
		{F9E6218D-FFB0-43A0-ACAB-130DD2949805}.Ad-Hoc|Any CPU.Build.0 = Release|Any CPU
		{F9E6218D-FFB0-43A0-ACAB-130DD2949805}.Ad-Hoc|Any CPU.Deploy.0 = Release|Any CPU
		{F9E6218D-FFB0-43A0-ACAB-130DD2949805}.Ad-Hoc|iPhone.ActiveCfg = Release|Any CPU
		{F9E6218D-FFB0-43A0-ACAB-130DD2949805}.Ad-Hoc|iPhone.Build.0 = Release|Any CPU
		{F9E6218D-FFB0-43A0-ACAB-130DD2949805}.Ad-Hoc|iPhone.Deploy.0 = Release|Any CPU
		{F9E6218D-FFB0-43A0-ACAB-130DD2949805}.Ad-Hoc|iPhoneSimulator.ActiveCfg = Release|Any CPU
		{F9E6218D-FFB0-43A0-ACAB-130DD2949805}.Ad-Hoc|iPhoneSimulator.Build.0 = Release|Any CPU
		{F9E6218D-FFB0-43A0-ACAB-130DD2949805}.Ad-Hoc|iPhoneSimulator.Deploy.0 = Release|Any CPU
		{F9E6218D-FFB0-43A0-ACAB-130DD2949805}.AppStore|Any CPU.ActiveCfg = Release|Any CPU
		{F9E6218D-FFB0-43A0-ACAB-130DD2949805}.AppStore|Any CPU.Build.0 = Release|Any CPU
		{F9E6218D-FFB0-43A0-ACAB-130DD2949805}.AppStore|Any CPU.Deploy.0 = Release|Any CPU
		{F9E6218D-FFB0-43A0-ACAB-130DD2949805}.AppStore|iPhone.ActiveCfg = Release|Any CPU
		{F9E6218D-FFB0-43A0-ACAB-130DD2949805}.AppStore|iPhone.Build.0 = Release|Any CPU
		{F9E6218D-FFB0-43A0-ACAB-130DD2949805}.AppStore|iPhone.Deploy.0 = Release|Any CPU
		{F9E6218D-FFB0-43A0-ACAB-130DD2949805}.AppStore|iPhoneSimulator.ActiveCfg = Release|Any CPU
		{F9E6218D-FFB0-43A0-ACAB-130DD2949805}.AppStore|iPhoneSimulator.Build.0 = Release|Any CPU
		{F9E6218D-FFB0-43A0-ACAB-130DD2949805}.AppStore|iPhoneSimulator.Deploy.0 = Release|Any CPU
		{F9E6218D-FFB0-43A0-ACAB-130DD2949805}.Debug|Any CPU.ActiveCfg = Debug|Any CPU
		{F9E6218D-FFB0-43A0-ACAB-130DD2949805}.Debug|Any CPU.Build.0 = Debug|Any CPU
		{F9E6218D-FFB0-43A0-ACAB-130DD2949805}.Debug|Any CPU.Deploy.0 = Debug|Any CPU
		{F9E6218D-FFB0-43A0-ACAB-130DD2949805}.Debug|iPhone.ActiveCfg = Debug|Any CPU
		{F9E6218D-FFB0-43A0-ACAB-130DD2949805}.Debug|iPhone.Build.0 = Debug|Any CPU
		{F9E6218D-FFB0-43A0-ACAB-130DD2949805}.Debug|iPhone.Deploy.0 = Debug|Any CPU
		{F9E6218D-FFB0-43A0-ACAB-130DD2949805}.Debug|iPhoneSimulator.ActiveCfg = Debug|Any CPU
		{F9E6218D-FFB0-43A0-ACAB-130DD2949805}.Debug|iPhoneSimulator.Build.0 = Debug|Any CPU
		{F9E6218D-FFB0-43A0-ACAB-130DD2949805}.Debug|iPhoneSimulator.Deploy.0 = Debug|Any CPU
		{F9E6218D-FFB0-43A0-ACAB-130DD2949805}.Release|Any CPU.ActiveCfg = Release|Any CPU
		{F9E6218D-FFB0-43A0-ACAB-130DD2949805}.Release|Any CPU.Build.0 = Release|Any CPU
		{F9E6218D-FFB0-43A0-ACAB-130DD2949805}.Release|Any CPU.Deploy.0 = Release|Any CPU
		{F9E6218D-FFB0-43A0-ACAB-130DD2949805}.Release|iPhone.ActiveCfg = Release|Any CPU
		{F9E6218D-FFB0-43A0-ACAB-130DD2949805}.Release|iPhone.Build.0 = Release|Any CPU
		{F9E6218D-FFB0-43A0-ACAB-130DD2949805}.Release|iPhone.Deploy.0 = Release|Any CPU
		{F9E6218D-FFB0-43A0-ACAB-130DD2949805}.Release|iPhoneSimulator.ActiveCfg = Release|Any CPU
		{F9E6218D-FFB0-43A0-ACAB-130DD2949805}.Release|iPhoneSimulator.Build.0 = Release|Any CPU
		{F9E6218D-FFB0-43A0-ACAB-130DD2949805}.Release|iPhoneSimulator.Deploy.0 = Release|Any CPU
		{4E6B624B-EB7F-46B3-A555-8323D8DB58DD}.Ad-Hoc|Any CPU.ActiveCfg = Ad-Hoc|iPhone
		{4E6B624B-EB7F-46B3-A555-8323D8DB58DD}.Ad-Hoc|Any CPU.Build.0 = Ad-Hoc|iPhone
		{4E6B624B-EB7F-46B3-A555-8323D8DB58DD}.Ad-Hoc|Any CPU.Deploy.0 = Ad-Hoc|iPhone
		{4E6B624B-EB7F-46B3-A555-8323D8DB58DD}.Ad-Hoc|iPhone.ActiveCfg = Ad-Hoc|iPhone
		{4E6B624B-EB7F-46B3-A555-8323D8DB58DD}.Ad-Hoc|iPhone.Build.0 = Ad-Hoc|iPhone
		{4E6B624B-EB7F-46B3-A555-8323D8DB58DD}.Ad-Hoc|iPhone.Deploy.0 = Ad-Hoc|iPhone
		{4E6B624B-EB7F-46B3-A555-8323D8DB58DD}.Ad-Hoc|iPhoneSimulator.ActiveCfg = Ad-Hoc|iPhoneSimulator
		{4E6B624B-EB7F-46B3-A555-8323D8DB58DD}.Ad-Hoc|iPhoneSimulator.Build.0 = Ad-Hoc|iPhoneSimulator
		{4E6B624B-EB7F-46B3-A555-8323D8DB58DD}.Ad-Hoc|iPhoneSimulator.Deploy.0 = Ad-Hoc|iPhoneSimulator
		{4E6B624B-EB7F-46B3-A555-8323D8DB58DD}.AppStore|Any CPU.ActiveCfg = AppStore|iPhone
		{4E6B624B-EB7F-46B3-A555-8323D8DB58DD}.AppStore|Any CPU.Build.0 = AppStore|iPhone
		{4E6B624B-EB7F-46B3-A555-8323D8DB58DD}.AppStore|Any CPU.Deploy.0 = AppStore|iPhone
		{4E6B624B-EB7F-46B3-A555-8323D8DB58DD}.AppStore|iPhone.ActiveCfg = AppStore|iPhone
		{4E6B624B-EB7F-46B3-A555-8323D8DB58DD}.AppStore|iPhone.Build.0 = AppStore|iPhone
		{4E6B624B-EB7F-46B3-A555-8323D8DB58DD}.AppStore|iPhone.Deploy.0 = AppStore|iPhone
		{4E6B624B-EB7F-46B3-A555-8323D8DB58DD}.AppStore|iPhoneSimulator.ActiveCfg = AppStore|iPhoneSimulator
		{4E6B624B-EB7F-46B3-A555-8323D8DB58DD}.AppStore|iPhoneSimulator.Build.0 = AppStore|iPhoneSimulator
		{4E6B624B-EB7F-46B3-A555-8323D8DB58DD}.AppStore|iPhoneSimulator.Deploy.0 = AppStore|iPhoneSimulator
		{4E6B624B-EB7F-46B3-A555-8323D8DB58DD}.Debug|Any CPU.ActiveCfg = Debug|iPhoneSimulator
		{4E6B624B-EB7F-46B3-A555-8323D8DB58DD}.Debug|Any CPU.Build.0 = Debug|iPhoneSimulator
		{4E6B624B-EB7F-46B3-A555-8323D8DB58DD}.Debug|Any CPU.Deploy.0 = Debug|iPhoneSimulator
		{4E6B624B-EB7F-46B3-A555-8323D8DB58DD}.Debug|iPhone.ActiveCfg = Debug|iPhone
		{4E6B624B-EB7F-46B3-A555-8323D8DB58DD}.Debug|iPhone.Build.0 = Debug|iPhone
		{4E6B624B-EB7F-46B3-A555-8323D8DB58DD}.Debug|iPhone.Deploy.0 = Debug|iPhone
		{4E6B624B-EB7F-46B3-A555-8323D8DB58DD}.Debug|iPhoneSimulator.ActiveCfg = Debug|iPhoneSimulator
		{4E6B624B-EB7F-46B3-A555-8323D8DB58DD}.Debug|iPhoneSimulator.Build.0 = Debug|iPhoneSimulator
		{4E6B624B-EB7F-46B3-A555-8323D8DB58DD}.Debug|iPhoneSimulator.Deploy.0 = Debug|iPhoneSimulator
		{4E6B624B-EB7F-46B3-A555-8323D8DB58DD}.Release|Any CPU.ActiveCfg = Release|iPhone
		{4E6B624B-EB7F-46B3-A555-8323D8DB58DD}.Release|Any CPU.Build.0 = Release|iPhone
		{4E6B624B-EB7F-46B3-A555-8323D8DB58DD}.Release|Any CPU.Deploy.0 = Release|iPhone
		{4E6B624B-EB7F-46B3-A555-8323D8DB58DD}.Release|iPhone.ActiveCfg = Release|iPhone
		{4E6B624B-EB7F-46B3-A555-8323D8DB58DD}.Release|iPhone.Build.0 = Release|iPhone
		{4E6B624B-EB7F-46B3-A555-8323D8DB58DD}.Release|iPhone.Deploy.0 = Release|iPhone
		{4E6B624B-EB7F-46B3-A555-8323D8DB58DD}.Release|iPhoneSimulator.ActiveCfg = Release|iPhoneSimulator
		{4E6B624B-EB7F-46B3-A555-8323D8DB58DD}.Release|iPhoneSimulator.Build.0 = Release|iPhoneSimulator
		{4E6B624B-EB7F-46B3-A555-8323D8DB58DD}.Release|iPhoneSimulator.Deploy.0 = Release|iPhoneSimulator
		{11C8C484-AB96-4EF7-93B4-75B3542C4E18}.Ad-Hoc|Any CPU.ActiveCfg = Debug|Any CPU
		{11C8C484-AB96-4EF7-93B4-75B3542C4E18}.Ad-Hoc|Any CPU.Build.0 = Debug|Any CPU
		{11C8C484-AB96-4EF7-93B4-75B3542C4E18}.Ad-Hoc|Any CPU.Deploy.0 = Debug|Any CPU
		{11C8C484-AB96-4EF7-93B4-75B3542C4E18}.Ad-Hoc|iPhone.ActiveCfg = Debug|Any CPU
		{11C8C484-AB96-4EF7-93B4-75B3542C4E18}.Ad-Hoc|iPhone.Build.0 = Debug|Any CPU
		{11C8C484-AB96-4EF7-93B4-75B3542C4E18}.Ad-Hoc|iPhone.Deploy.0 = Debug|Any CPU
		{11C8C484-AB96-4EF7-93B4-75B3542C4E18}.Ad-Hoc|iPhoneSimulator.ActiveCfg = Debug|Any CPU
		{11C8C484-AB96-4EF7-93B4-75B3542C4E18}.Ad-Hoc|iPhoneSimulator.Build.0 = Debug|Any CPU
		{11C8C484-AB96-4EF7-93B4-75B3542C4E18}.Ad-Hoc|iPhoneSimulator.Deploy.0 = Debug|Any CPU
		{11C8C484-AB96-4EF7-93B4-75B3542C4E18}.AppStore|Any CPU.ActiveCfg = Debug|Any CPU
		{11C8C484-AB96-4EF7-93B4-75B3542C4E18}.AppStore|Any CPU.Build.0 = Debug|Any CPU
		{11C8C484-AB96-4EF7-93B4-75B3542C4E18}.AppStore|Any CPU.Deploy.0 = Debug|Any CPU
		{11C8C484-AB96-4EF7-93B4-75B3542C4E18}.AppStore|iPhone.ActiveCfg = Debug|Any CPU
		{11C8C484-AB96-4EF7-93B4-75B3542C4E18}.AppStore|iPhone.Build.0 = Debug|Any CPU
		{11C8C484-AB96-4EF7-93B4-75B3542C4E18}.AppStore|iPhone.Deploy.0 = Debug|Any CPU
		{11C8C484-AB96-4EF7-93B4-75B3542C4E18}.AppStore|iPhoneSimulator.ActiveCfg = Debug|Any CPU
		{11C8C484-AB96-4EF7-93B4-75B3542C4E18}.AppStore|iPhoneSimulator.Build.0 = Debug|Any CPU
		{11C8C484-AB96-4EF7-93B4-75B3542C4E18}.AppStore|iPhoneSimulator.Deploy.0 = Debug|Any CPU
		{11C8C484-AB96-4EF7-93B4-75B3542C4E18}.Debug|Any CPU.ActiveCfg = Debug|Any CPU
		{11C8C484-AB96-4EF7-93B4-75B3542C4E18}.Debug|Any CPU.Build.0 = Debug|Any CPU
		{11C8C484-AB96-4EF7-93B4-75B3542C4E18}.Debug|Any CPU.Deploy.0 = Debug|Any CPU
		{11C8C484-AB96-4EF7-93B4-75B3542C4E18}.Debug|iPhone.ActiveCfg = Debug|Any CPU
		{11C8C484-AB96-4EF7-93B4-75B3542C4E18}.Debug|iPhone.Build.0 = Debug|Any CPU
		{11C8C484-AB96-4EF7-93B4-75B3542C4E18}.Debug|iPhone.Deploy.0 = Debug|Any CPU
		{11C8C484-AB96-4EF7-93B4-75B3542C4E18}.Debug|iPhoneSimulator.ActiveCfg = Debug|Any CPU
		{11C8C484-AB96-4EF7-93B4-75B3542C4E18}.Debug|iPhoneSimulator.Build.0 = Debug|Any CPU
		{11C8C484-AB96-4EF7-93B4-75B3542C4E18}.Debug|iPhoneSimulator.Deploy.0 = Debug|Any CPU
		{11C8C484-AB96-4EF7-93B4-75B3542C4E18}.Release|Any CPU.ActiveCfg = Release|Any CPU
		{11C8C484-AB96-4EF7-93B4-75B3542C4E18}.Release|Any CPU.Build.0 = Release|Any CPU
		{11C8C484-AB96-4EF7-93B4-75B3542C4E18}.Release|Any CPU.Deploy.0 = Release|Any CPU
		{11C8C484-AB96-4EF7-93B4-75B3542C4E18}.Release|iPhone.ActiveCfg = Release|Any CPU
		{11C8C484-AB96-4EF7-93B4-75B3542C4E18}.Release|iPhone.Build.0 = Release|Any CPU
		{11C8C484-AB96-4EF7-93B4-75B3542C4E18}.Release|iPhone.Deploy.0 = Release|Any CPU
		{11C8C484-AB96-4EF7-93B4-75B3542C4E18}.Release|iPhoneSimulator.ActiveCfg = Release|Any CPU
		{11C8C484-AB96-4EF7-93B4-75B3542C4E18}.Release|iPhoneSimulator.Build.0 = Release|Any CPU
		{11C8C484-AB96-4EF7-93B4-75B3542C4E18}.Release|iPhoneSimulator.Deploy.0 = Release|Any CPU
	EndGlobalSection
	GlobalSection(SolutionProperties) = preSolution
		HideSolutionNode = FALSE
	EndGlobalSection
	GlobalSection(ExtensibilityGlobals) = postSolution
		SolutionGuid = {3FBE2567-1081-4A5D-9A13-7E1040C0F6F9}
	EndGlobalSection
EndGlobal
